<?xml version="1.0" encoding="utf-8"?>
<Project ToolsVersion="4.0" xmlns="http://schemas.microsoft.com/developer/msbuild/2003">
  <ItemGroup>
    <Filter Include="Source Files">
      <UniqueIdentifier>{4FC737F1-C7A5-4376-A066-2A32D752A2FF}</UniqueIdentifier>
      <Extensions>cpp;cxx;c;def</Extensions>
    </Filter>
    <Filter Include="Header Files">
      <UniqueIdentifier>{93995380-89BD-4b04-88EB-625FBE52EBFB}</UniqueIdentifier>
      <Extensions>h</Extensions>
    </Filter>
    <Filter Include="Form Files">
      <UniqueIdentifier>{99349809-55BA-4b9d-BF79-8FDBB0286EB3}</UniqueIdentifier>
      <Extensions>ui</Extensions>
    </Filter>
    <Filter Include="Resource Files">
      <UniqueIdentifier>{D9D6E242-F8AF-46E4-B9FD-80ECBC20BA3E}</UniqueIdentifier>
      <Extensions>qrc;*</Extensions>
      <ParseFiles>false</ParseFiles>
    </Filter>
    <Filter Include="Generated Files">
      <UniqueIdentifier>{71ED8ED8-ACB9-4CE9-BBE1-E00B30144E11}</UniqueIdentifier>
      <Extensions>moc;h;cpp</Extensions>
      <SourceControlFiles>False</SourceControlFiles>
    </Filter>
    <Filter Include="Generated Files\Debug">
      <UniqueIdentifier>{a262993d-2448-40e7-a856-6e20f80ef249}</UniqueIdentifier>
      <Extensions>cpp;moc</Extensions>
      <SourceControlFiles>False</SourceControlFiles>
    </Filter>
    <Filter Include="Generated Files\Release">
      <UniqueIdentifier>{3ec73526-060d-4d56-98e3-374136065bae}</UniqueIdentifier>
      <Extensions>cpp;moc</Extensions>
      <SourceControlFiles>False</SourceControlFiles>
    </Filter>
  </ItemGroup>
  <ItemGroup>
    <ClCompile Include="GeneratedFiles\qrc_MainWindow.cpp">
      <Filter>Generated Files</Filter>
    </ClCompile>
    <ClCompile Include="GeneratedFiles\Debug\moc_GLWidget3D.cpp">
      <Filter>Generated Files\Debug</Filter>
    </ClCompile>
    <ClCompile Include="GeneratedFiles\Release\moc_GLWidget3D.cpp">
      <Filter>Generated Files\Release</Filter>
    </ClCompile>
    <ClCompile Include="GeneratedFiles\Debug\moc_MainWindow.cpp">
      <Filter>Generated Files\Debug</Filter>
    </ClCompile>
    <ClCompile Include="GeneratedFiles\Release\moc_MainWindow.cpp">
      <Filter>Generated Files\Release</Filter>
    </ClCompile>
    <ClCompile Include="Camera.cpp">
      <Filter>Source Files</Filter>
    </ClCompile>
    <ClCompile Include="GLUtils.cpp">
      <Filter>Source Files</Filter>
    </ClCompile>
    <ClCompile Include="GLWidget3D.cpp">
      <Filter>Source Files</Filter>
    </ClCompile>
    <ClCompile Include="main.cpp">
      <Filter>Source Files</Filter>
    </ClCompile>
    <ClCompile Include="MainWindow.cpp">
      <Filter>Source Files</Filter>
    </ClCompile>
    <ClCompile Include="RenderManager.cpp">
      <Filter>Source Files</Filter>
    </ClCompile>
    <ClCompile Include="Shader.cpp">
      <Filter>Source Files</Filter>
    </ClCompile>
    <ClCompile Include="ShadowMapping.cpp">
      <Filter>Source Files</Filter>
    </ClCompile>
    <ClCompile Include="CurveOptionDialog.cpp">
      <Filter>Source Files</Filter>
    </ClCompile>
    <ClCompile Include="GeneratedFiles\Debug\moc_CurveOptionDialog.cpp">
      <Filter>Generated Files\Debug</Filter>
    </ClCompile>
    <ClCompile Include="GeneratedFiles\Release\moc_CurveOptionDialog.cpp">
      <Filter>Generated Files\Release</Filter>
    </ClCompile>
    <ClCompile Include="GeneratedFiles\Debug\moc_RightAngleOptionDialog.cpp">
      <Filter>Generated Files\Debug</Filter>
    </ClCompile>
    <ClCompile Include="GeneratedFiles\Release\moc_RightAngleOptionDialog.cpp">
      <Filter>Generated Files\Release</Filter>
    </ClCompile>
    <ClCompile Include="RightAngleOptionDialog.cpp">
      <Filter>Source Files</Filter>
    </ClCompile>
    <ClCompile Include="..\LEGO_NOGUI\simp\BuildingSimplification.cpp">
      <Filter>Source Files</Filter>
    </ClCompile>
    <ClCompile Include="..\LEGO_NOGUI\util\ContourUtils.cpp">
      <Filter>Source Files</Filter>
    </ClCompile>
    <ClCompile Include="..\LEGO_NOGUI\simp\CurveSimplification.cpp">
      <Filter>Source Files</Filter>
    </ClCompile>
    <ClCompile Include="..\LEGO_NOGUI\util\DisjointVoxelData.cpp">
      <Filter>Source Files</Filter>
    </ClCompile>
    <ClCompile Include="..\LEGO_NOGUI\util\PlyWriter.cpp">
      <Filter>Source Files</Filter>
    </ClCompile>
    <ClCompile Include="..\LEGO_NOGUI\simp\RightAngleSimplification.cpp">
      <Filter>Source Files</Filter>
    </ClCompile>
    <ClCompile Include="..\LEGO_NOGUI\util\BuildingLayer.cpp">
      <Filter>Source Files</Filter>
    </ClCompile>
    <ClCompile Include="GeneratedFiles\Debug\moc_DPOptionDialog.cpp">
      <Filter>Generated Files\Debug</Filter>
    </ClCompile>
    <ClCompile Include="GeneratedFiles\Release\moc_DPOptionDialog.cpp">
      <Filter>Generated Files\Release</Filter>
    </ClCompile>
    <ClCompile Include="DPOptionDialog.cpp">
      <Filter>Source Files</Filter>
    </ClCompile>
    <ClCompile Include="..\LEGO_NOGUI\simp\DPSimplification.cpp">
      <Filter>Source Files</Filter>
    </ClCompile>
    <ClCompile Include="..\LEGO_NOGUI\simp\CurveRightAngleSimplification.cpp">
      <Filter>Source Files</Filter>
    </ClCompile>
    <ClCompile Include="CurveRightAngleOptionDialog.cpp">
      <Filter>Source Files</Filter>
    </ClCompile>
    <ClCompile Include="GeneratedFiles\Debug\moc_CurveRightAngleOptionDialog.cpp">
      <Filter>Generated Files\Debug</Filter>
    </ClCompile>
    <ClCompile Include="GeneratedFiles\Release\moc_CurveRightAngleOptionDialog.cpp">
      <Filter>Generated Files\Release</Filter>
    </ClCompile>
    <ClCompile Include="..\LEGO_NOGUI\util\OBJWriter.cpp">
      <Filter>Source Files</Filter>
    </ClCompile>
    <ClCompile Include="..\LEGO_NOGUI\util\TopFaceWriter.cpp">
      <Filter>Source Files</Filter>
    </ClCompile>
    <ClCompile Include="AllOptionDialog.cpp">
      <Filter>Source Files</Filter>
    </ClCompile>
    <ClCompile Include="GeneratedFiles\Debug\moc_AllOptionDialog.cpp">
      <Filter>Generated Files\Debug</Filter>
    </ClCompile>
    <ClCompile Include="GeneratedFiles\Release\moc_AllOptionDialog.cpp">
      <Filter>Generated Files\Release</Filter>
    </ClCompile>
    <ClCompile Include="OffsetScaleDialog.cpp">
      <Filter>Source Files</Filter>
    </ClCompile>
    <ClCompile Include="GeneratedFiles\Debug\moc_OffsetScaleDialog.cpp">
      <Filter>Generated Files\Debug</Filter>
    </ClCompile>
    <ClCompile Include="GeneratedFiles\Release\moc_OffsetScaleDialog.cpp">
      <Filter>Generated Files\Release</Filter>
    </ClCompile>
    <ClCompile Include="..\LEGO_NOGUI\util\VoxelBuilding.cpp">
      <Filter>Source Files</Filter>
    </ClCompile>
    <ClCompile Include="..\LEGO_NOGUI\util\EfficientRansacCurveDetector.cpp">
      <Filter>Source Files</Filter>
    </ClCompile>
    <ClCompile Include="..\LEGO_NOGUI\util\PointSetShapeDetection.cpp">
      <Filter>Source Files</Filter>
    </ClCompile>
    <ClCompile Include="GeneratedFiles\Debug\moc_EfficientRANSACOptionDialog.cpp">
      <Filter>Generated Files\Debug</Filter>
    </ClCompile>
    <ClCompile Include="GeneratedFiles\Release\moc_EfficientRANSACOptionDialog.cpp">
      <Filter>Generated Files\Release</Filter>
    </ClCompile>
    <ClCompile Include="EfficientRANSACOptionDialog.cpp">
      <Filter>Source Files</Filter>
    </ClCompile>
    <ClCompile Include="..\LEGO_NOGUI\simp\EfficientRansacSimplification.cpp">
      <Filter>Source Files</Filter>
    </ClCompile>
    <ClCompile Include="..\LEGO_NOGUI\efficient_ransac\CurveDetector.cpp">
      <Filter>Source Files</Filter>
    </ClCompile>
    <ClCompile Include="..\LEGO_NOGUI\efficient_ransac\EfficientRANSAC.cpp">
      <Filter>Source Files</Filter>
    </ClCompile>
    <ClCompile Include="..\LEGO_NOGUI\efficient_ransac\EfficientRANSACUtil.cpp">
      <Filter>Source Files</Filter>
    </ClCompile>
    <ClCompile Include="..\LEGO_NOGUI\efficient_ransac\LineDetector.cpp">
      <Filter>Source Files</Filter>
    </ClCompile>
    <ClCompile Include="..\LEGO_NOGUI\efficient_ransac\PrimitiveShape.cpp">
      <Filter>Source Files</Filter>
    </ClCompile>
    <ClCompile Include="..\LEGO_NOGUI\efficient_ransac\ContourGenerator.cpp">
      <Filter>Source Files</Filter>
    </ClCompile>
    <ClCompile Include="..\LEGO_NOGUI\regularizer\Config.cpp">
      <Filter>Source Files</Filter>
    </ClCompile>
    <ClCompile Include="..\LEGO_NOGUI\regularizer\ShapeFitLayer.cpp">
      <Filter>Source Files</Filter>
    </ClCompile>
    <ClCompile Include="..\LEGO_NOGUI\regularizer\ShapeFitLayersAll.cpp">
      <Filter>Source Files</Filter>
    </ClCompile>
    <ClCompile Include="..\LEGO_NOGUI\regularizer\SymmetryLineDetector.cpp">
      <Filter>Source Files</Filter>
    </ClCompile>
    <ClCompile Include="GeneratedFiles\Debug\moc_GenerateFacadeOptionDialog.cpp">
      <Filter>Generated Files\Debug</Filter>
    </ClCompile>
    <ClCompile Include="GeneratedFiles\Release\moc_GenerateFacadeOptionDialog.cpp">
      <Filter>Generated Files\Release</Filter>
    </ClCompile>
    <ClCompile Include="GenerateFacadeOptionDialog.cpp">
      <Filter>Source Files</Filter>
    </ClCompile>
    <ClCompile Include="GeneratedFiles\Debug\moc_GenerateRoofOptionDialog.cpp">
      <Filter>Generated Files\Debug</Filter>
    </ClCompile>
    <ClCompile Include="GeneratedFiles\Release\moc_GenerateRoofOptionDialog.cpp">
      <Filter>Generated Files\Release</Filter>
    </ClCompile>
    <ClCompile Include="GenerateRoofOptionDialog.cpp">
      <Filter>Source Files</Filter>
    </ClCompile>
  </ItemGroup>
  <ItemGroup>
    <CustomBuild Include="MainWindow.ui">
      <Filter>Form Files</Filter>
    </CustomBuild>
    <CustomBuild Include="MainWindow.qrc">
      <Filter>Resource Files</Filter>
    </CustomBuild>
    <CustomBuild Include="GLWidget3D.h">
      <Filter>Header Files</Filter>
    </CustomBuild>
    <CustomBuild Include="MainWindow.h">
      <Filter>Header Files</Filter>
    </CustomBuild>
    <CustomBuild Include="CurveOptionDialog.h">
      <Filter>Header Files</Filter>
    </CustomBuild>
    <CustomBuild Include="CurveOptionDialog.ui">
      <Filter>Form Files</Filter>
    </CustomBuild>
    <CustomBuild Include="RightAngleOptionDialog.ui">
      <Filter>Form Files</Filter>
    </CustomBuild>
    <CustomBuild Include="RightAngleOptionDialog.h">
      <Filter>Header Files</Filter>
    </CustomBuild>
    <CustomBuild Include="DPOptionDialog.ui">
      <Filter>Form Files</Filter>
    </CustomBuild>
    <CustomBuild Include="DPOptionDialog.h">
      <Filter>Header Files</Filter>
    </CustomBuild>
    <CustomBuild Include="CurveRightAngleOptionDialog.h">
      <Filter>Header Files</Filter>
    </CustomBuild>
    <CustomBuild Include="CurveRightAngleOptionDialog.ui">
      <Filter>Form Files</Filter>
    </CustomBuild>
    <CustomBuild Include="AllOptionDialog.h">
      <Filter>Header Files</Filter>
    </CustomBuild>
    <CustomBuild Include="AllOptionDialog.ui">
      <Filter>Form Files</Filter>
    </CustomBuild>
    <CustomBuild Include="OffsetScaleDialog.h">
      <Filter>Header Files</Filter>
    </CustomBuild>
    <CustomBuild Include="OffsetScaleDialog.ui">
      <Filter>Form Files</Filter>
    </CustomBuild>
    <CustomBuild Include="EfficientRANSACOptionDialog.h">
      <Filter>Header Files</Filter>
    </CustomBuild>
    <CustomBuild Include="EfficientRANSACOptionDialog.ui">
      <Filter>Form Files</Filter>
    </CustomBuild>
    <CustomBuild Include="GenerateFacadeOptionDialog.h">
      <Filter>Header Files</Filter>
    </CustomBuild>
    <CustomBuild Include="GenerateFacadeOptionDialog.ui">
      <Filter>Form Files</Filter>
    </CustomBuild>
    <CustomBuild Include="GenerateRoofOptionDialog.h">
      <Filter>Header Files</Filter>
    </CustomBuild>
    <CustomBuild Include="GenerateRoofOptionDialog.ui">
      <Filter>Form Files</Filter>
    </CustomBuild>
  </ItemGroup>
  <ItemGroup>
    <ClInclude Include="GeneratedFiles\ui_MainWindow.h">
      <Filter>Generated Files</Filter>
    </ClInclude>
    <ClInclude Include="Camera.h">
      <Filter>Header Files</Filter>
    </ClInclude>
    <ClInclude Include="GLUtils.h">
      <Filter>Header Files</Filter>
    </ClInclude>
    <ClInclude Include="RenderManager.h">
      <Filter>Header Files</Filter>
    </ClInclude>
    <ClInclude Include="Shader.h">
      <Filter>Header Files</Filter>
    </ClInclude>
    <ClInclude Include="ShadowMapping.h">
      <Filter>Header Files</Filter>
    </ClInclude>
    <ClInclude Include="Vertex.h">
      <Filter>Header Files</Filter>
    </ClInclude>
    <ClInclude Include="GeneratedFiles\ui_CurveOptionDialog.h">
      <Filter>Generated Files</Filter>
    </ClInclude>
    <ClInclude Include="GeneratedFiles\ui_RightAngleOptionDialog.h">
      <Filter>Generated Files</Filter>
    </ClInclude>
    <ClInclude Include="..\LEGO_NOGUI\simp\BuildingSimplification.h">
      <Filter>Header Files</Filter>
    </ClInclude>
    <ClInclude Include="..\LEGO_NOGUI\simp\CurveSimplification.h">
      <Filter>Header Files</Filter>
    </ClInclude>
    <ClInclude Include="..\LEGO_NOGUI\simp\RightAngleSimplification.h">
      <Filter>Header Files</Filter>
    </ClInclude>
    <ClInclude Include="..\LEGO_NOGUI\util\ContourUtils.h">
      <Filter>Header Files</Filter>
    </ClInclude>
    <ClInclude Include="..\LEGO_NOGUI\util\DisjointVoxelData.h">
      <Filter>Header Files</Filter>
    </ClInclude>
    <ClInclude Include="..\LEGO_NOGUI\util\PlyWriter.h">
      <Filter>Header Files</Filter>
    </ClInclude>
    <ClInclude Include="..\LEGO_NOGUI\util\BuildingLayer.h">
      <Filter>Header Files</Filter>
    </ClInclude>
    <ClInclude Include="GeneratedFiles\ui_DPOptionDialog.h">
      <Filter>Generated Files</Filter>
    </ClInclude>
    <ClInclude Include="..\LEGO_NOGUI\simp\DPSimplification.h">
      <Filter>Header Files</Filter>
    </ClInclude>
    <ClInclude Include="..\LEGO_NOGUI\simp\CurveRightAngleSimplification.h">
      <Filter>Header Files</Filter>
    </ClInclude>
    <ClInclude Include="GeneratedFiles\ui_CurveRightAngleOptionDialog.h">
      <Filter>Generated Files</Filter>
    </ClInclude>
    <ClInclude Include="..\LEGO_NOGUI\util\OBJWriter.h">
      <Filter>Header Files</Filter>
    </ClInclude>
    <ClInclude Include="..\LEGO_NOGUI\util\TopFaceWriter.h">
      <Filter>Header Files</Filter>
    </ClInclude>
    <ClInclude Include="GeneratedFiles\ui_AllOptionDialog.h">
      <Filter>Generated Files</Filter>
    </ClInclude>
    <ClInclude Include="GeneratedFiles\ui_OffsetScaleDialog.h">
      <Filter>Generated Files</Filter>
    </ClInclude>
    <ClInclude Include="..\LEGO_NOGUI\util\VoxelBuilding.h">
      <Filter>Header Files</Filter>
    </ClInclude>
    <ClInclude Include="..\LEGO_NOGUI\util\VerticalPlane.h">
      <Filter>Header Files</Filter>
    </ClInclude>
    <ClInclude Include="..\LEGO_NOGUI\util\EfficientRansacCurveDetector.h">
      <Filter>Header Files</Filter>
    </ClInclude>
    <ClInclude Include="..\LEGO_NOGUI\util\PointSetShapeDetection.h">
      <Filter>Source Files</Filter>
    </ClInclude>
    <ClInclude Include="GeneratedFiles\ui_EfficientRANSACOptionDialog.h">
      <Filter>Generated Files</Filter>
    </ClInclude>
    <ClInclude Include="..\LEGO_NOGUI\simp\EfficientRansacSimplification.h">
      <Filter>Header Files</Filter>
    </ClInclude>
    <ClInclude Include="..\LEGO_NOGUI\efficient_ransac\CurveDetector.h">
      <Filter>Header Files</Filter>
    </ClInclude>
    <ClInclude Include="..\LEGO_NOGUI\efficient_ransac\EfficientRANSAC.h">
      <Filter>Header Files</Filter>
    </ClInclude>
    <ClInclude Include="..\LEGO_NOGUI\efficient_ransac\EfficientRANSACUtil.h">
      <Filter>Header Files</Filter>
    </ClInclude>
    <ClInclude Include="..\LEGO_NOGUI\efficient_ransac\LineDetector.h">
      <Filter>Header Files</Filter>
    </ClInclude>
    <ClInclude Include="..\LEGO_NOGUI\efficient_ransac\PrimitiveShape.h">
      <Filter>Header Files</Filter>
    </ClInclude>
    <ClInclude Include="..\LEGO_NOGUI\efficient_ransac\ContourGenerator.h">
      <Filter>Header Files</Filter>
    </ClInclude>
    <ClInclude Include="..\LEGO_NOGUI\regularizer\Config.h">
      <Filter>Header Files</Filter>
    </ClInclude>
    <ClInclude Include="..\LEGO_NOGUI\regularizer\ShapeFitLayer.h">
      <Filter>Header Files</Filter>
    </ClInclude>
    <ClInclude Include="..\LEGO_NOGUI\regularizer\ShapeFitLayersAll.h">
      <Filter>Header Files</Filter>
    </ClInclude>
    <ClInclude Include="..\LEGO_NOGUI\regularizer\SymmetryLineDetector.h">
      <Filter>Header Files</Filter>
    </ClInclude>
    <ClInclude Include="GeneratedFiles\ui_GenerateFacadeOptionDialog.h">
      <Filter>Generated Files</Filter>
    </ClInclude>
    <ClInclude Include="GeneratedFiles\ui_GenerateRoofOptionDialog.h">
      <Filter>Generated Files</Filter>
    </ClInclude>
  </ItemGroup>
</Project>